
Microsoft Visual Studio Solution File, Format Version 12.00
# Visual Studio Version 17
VisualStudioVersion = 17.3.32929.385
MinimumVisualStudioVersion = 10.0.40219.1
Project("{FAE04EC0-301F-11D3-BF4B-00C04F79EFBC}") = "WindowsFormsListe", "WindowsFormsListe.csproj", "{DE843863-CB07-4729-9CF7-F9CEF468713A}"
EndProject
Global
	GlobalSection(SolutionConfigurationPlatforms) = preSolution
		Debug|Any CPU = Debug|Any CPU
		Release|Any CPU = Release|Any CPU
	EndGlobalSection
	GlobalSection(ProjectConfigurationPlatforms) = postSolution
		{DE843863-CB07-4729-9CF7-F9CEF468713A}.Debug|Any CPU.ActiveCfg = Debug|Any CPU
		{DE843863-CB07-4729-9CF7-F9CEF468713A}.Debug|Any CPU.Build.0 = Debug|Any CPU
		{DE843863-CB07-4729-9CF7-F9CEF468713A}.Release|Any CPU.ActiveCfg = Release|Any CPU
		{DE843863-CB07-4729-9CF7-F9CEF468713A}.Release|Any CPU.Build.0 = Release|Any CPU
	EndGlobalSection
	GlobalSection(SolutionProperties) = preSolution
		HideSolutionNode = FALSE
	EndGlobalSection
	GlobalSection(ExtensibilityGlobals) = postSolution
		SolutionGuid = {E59FDC36-5E1E-4A16-A037-F0F721514498}
	EndGlobalSection
EndGlobal
